
Microsoft Visual Studio Solution File, Format Version 12.00
# Visual Studio 15
VisualStudioVersion = 15.0.28307.106
MinimumVisualStudioVersion = 10.0.40219.1
Project("{FAE04EC0-301F-11D3-BF4B-00C04F79EFBC}") = "TestApp", "TestApp\TestApp.csproj", "{0D454FEA-BD93-41AC-A610-F712E71BCC3D}"
EndProject
Global
	GlobalSection(SolutionConfigurationPlatforms) = preSolution
		Debug|Any CPU = Debug|Any CPU
		Release|Any CPU = Release|Any CPU
	EndGlobalSection
	GlobalSection(ProjectConfigurationPlatforms) = postSolution
		{0D454FEA-BD93-41AC-A610-F712E71BCC3D}.Debug|Any CPU.ActiveCfg = Debug|Any CPU
		{0D454FEA-BD93-41AC-A610-F712E71BCC3D}.Debug|Any CPU.Build.0 = Debug|Any CPU
		{0D454FEA-BD93-41AC-A610-F712E71BCC3D}.Release|Any CPU.ActiveCfg = Release|Any CPU
		{0D454FEA-BD93-41AC-A610-F712E71BCC3D}.Release|Any CPU.Build.0 = Release|Any CPU
	EndGlobalSection
	GlobalSection(SolutionProperties) = preSolution
		HideSolutionNode = FALSE
	EndGlobalSection
	GlobalSection(ExtensibilityGlobals) = postSolution
		SolutionGuid = {45ADBF07-52F0-4CDE-9B4D-346857B4B160}
	EndGlobalSection
EndGlobal
